{
  "schema_version": 1,
  "cargo_lock_sha256": "741e0c9b56ebb7495a58f7d42dd87bc80217e8b9509f9dc325889b029485a5e2",
  "target_resolves": {
    "base": {
      "itoa-1.0.17": {
        "runtime_dependencies": [],
        "build_dependencies": [],
        "features": []
      },
      "memchr-2.8.0": {
        "runtime_dependencies": [],
        "build_dependencies": [],
        "features": [
          "alloc",
          "std"
        ]
      },
      "once_cell-1.21.3": {
        "runtime_dependencies": [],
        "build_dependencies": [],
        "features": [
          "alloc",
          "default",
          "race",
          "std"
        ]
      },
      "pin-project-lite-0.2.17": {
        "runtime_dependencies": [],
        "build_dependencies": [],
        "features": []
      },
      "proc-macro2-1.0.106": {
        "runtime_dependencies": [
          {
            "name": "unicode_ident",
            "package_key": "unicode-ident-1.0.24",
            "kind": "normal",
            "features": [],
            "uses_default_features": true,
            "optional": false,
            "target": null,
            "tree": "target"
          }
        ],
        "build_dependencies": [],
        "features": [
          "default",
          "proc-macro"
        ]
      },
      "quote-1.0.45": {
        "runtime_dependencies": [
          {
            "name": "proc_macro2",
            "package_key": "proc-macro2-1.0.106",
            "kind": "normal",
            "features": [],
            "uses_default_features": true,
            "optional": false,
            "target": null,
            "tree": "target"
          }
        ],
        "build_dependencies": [],
        "features": [
          "default",
          "proc-macro"
        ]
      },
      "serde-1.0.228": {
        "runtime_dependencies": [
          {
            "name": "serde_core",
            "package_key": "serde_core-1.0.228",
            "kind": "normal",
            "features": [
              "result"
            ],
            "uses_default_features": false,
            "optional": false,
            "target": null,
            "tree": "target"
          },
          {
            "name": "serde_derive",
            "package_key": "serde_derive-1.0.228",
            "kind": "normal",
            "features": [],
            "uses_default_features": true,
            "optional": true,
            "target": null,
            "tree": "host"
          }
        ],
        "build_dependencies": [],
        "features": [
          "default",
          "derive",
          "serde_derive",
          "std"
        ]
      },
      "serde_core-1.0.228": {
        "runtime_dependencies": [],
        "build_dependencies": [],
        "features": [
          "result",
          "std"
        ]
      },
      "serde_derive-1.0.228": {
        "runtime_dependencies": [
          {
            "name": "proc_macro2",
            "package_key": "proc-macro2-1.0.106",
            "kind": "normal",
            "features": [],
            "uses_default_features": true,
            "optional": false,
            "target": null,
            "tree": "target"
          },
          {
            "name": "quote",
            "package_key": "quote-1.0.45",
            "kind": "normal",
            "features": [
              "proc-macro"
            ],
            "uses_default_features": false,
            "optional": false,
            "target": null,
            "tree": "target"
          },
          {
            "name": "syn",
            "package_key": "syn-2.0.117",
            "kind": "normal",
            "features": [
              "clone-impls",
              "derive",
              "parsing",
              "printing",
              "proc-macro"
            ],
            "uses_default_features": false,
            "optional": false,
            "target": null,
            "tree": "target"
          }
        ],
        "build_dependencies": [],
        "features": [
          "default"
        ]
      },
      "serde_json-1.0.149": {
        "runtime_dependencies": [
          {
            "name": "itoa",
            "package_key": "itoa-1.0.17",
            "kind": "normal",
            "features": [],
            "uses_default_features": true,
            "optional": false,
            "target": null,
            "tree": "target"
          },
          {
            "name": "memchr",
            "package_key": "memchr-2.8.0",
            "kind": "normal",
            "features": [],
            "uses_default_features": false,
            "optional": false,
            "target": null,
            "tree": "target"
          },
          {
            "name": "serde_core",
            "package_key": "serde_core-1.0.228",
            "kind": "normal",
            "features": [],
            "uses_default_features": false,
            "optional": false,
            "target": null,
            "tree": "target"
          },
          {
            "name": "zmij",
            "package_key": "zmij-1.0.21",
            "kind": "normal",
            "features": [],
            "uses_default_features": true,
            "optional": false,
            "target": null,
            "tree": "target"
          }
        ],
        "build_dependencies": [],
        "features": [
          "default",
          "std"
        ]
      },
      "syn-2.0.117": {
        "runtime_dependencies": [
          {
            "name": "proc_macro2",
            "package_key": "proc-macro2-1.0.106",
            "kind": "normal",
            "features": [],
            "uses_default_features": true,
            "optional": false,
            "target": null,
            "tree": "target"
          },
          {
            "name": "quote",
            "package_key": "quote-1.0.45",
            "kind": "normal",
            "features": [],
            "uses_default_features": false,
            "optional": true,
            "target": null,
            "tree": "target"
          },
          {
            "name": "unicode_ident",
            "package_key": "unicode-ident-1.0.24",
            "kind": "normal",
            "features": [],
            "uses_default_features": true,
            "optional": false,
            "target": null,
            "tree": "target"
          }
        ],
        "build_dependencies": [],
        "features": [
          "clone-impls",
          "default",
          "derive",
          "extra-traits",
          "full",
          "parsing",
          "printing",
          "proc-macro",
          "visit-mut"
        ]
      },
      "thiserror-2.0.18": {
        "runtime_dependencies": [
          {
            "name": "thiserror_impl",
            "package_key": "thiserror-impl-2.0.18",
            "kind": "normal",
            "features": [],
            "uses_default_features": true,
            "optional": false,
            "target": null,
            "tree": "host"
          }
        ],
        "build_dependencies": [],
        "features": [
          "default",
          "std"
        ]
      },
      "thiserror-impl-2.0.18": {
        "runtime_dependencies": [
          {
            "name": "proc_macro2",
            "package_key": "proc-macro2-1.0.106",
            "kind": "normal",
            "features": [],
            "uses_default_features": true,
            "optional": false,
            "target": null,
            "tree": "target"
          },
          {
            "name": "quote",
            "package_key": "quote-1.0.45",
            "kind": "normal",
            "features": [],
            "uses_default_features": true,
            "optional": false,
            "target": null,
            "tree": "target"
          },
          {
            "name": "syn",
            "package_key": "syn-2.0.117",
            "kind": "normal",
            "features": [],
            "uses_default_features": true,
            "optional": false,
            "target": null,
            "tree": "target"
          }
        ],
        "build_dependencies": [],
        "features": []
      },
      "tracing-0.1.44": {
        "runtime_dependencies": [
          {
            "name": "pin_project_lite",
            "package_key": "pin-project-lite-0.2.17",
            "kind": "normal",
            "features": [],
            "uses_default_features": true,
            "optional": false,
            "target": null,
            "tree": "target"
          },
          {
            "name": "tracing_attributes",
            "package_key": "tracing-attributes-0.1.31",
            "kind": "normal",
            "features": [],
            "uses_default_features": true,
            "optional": false,
            "target": null,
            "tree": "host"
          },
          {
            "name": "tracing_core",
            "package_key": "tracing-core-0.1.36",
            "kind": "normal",
            "features": [],
            "uses_default_features": true,
            "optional": false,
            "target": null,
            "tree": "target"
          }
        ],
        "build_dependencies": [],
        "features": [
          "attributes",
          "default",
          "std",
          "tracing-attributes"
        ]
      },
      "tracing-attributes-0.1.31": {
        "runtime_dependencies": [
          {
            "name": "proc_macro2",
            "package_key": "proc-macro2-1.0.106",
            "kind": "normal",
            "features": [],
            "uses_default_features": true,
            "optional": false,
            "target": null,
            "tree": "target"
          },
          {
            "name": "quote",
            "package_key": "quote-1.0.45",
            "kind": "normal",
            "features": [],
            "uses_default_features": true,
            "optional": false,
            "target": null,
            "tree": "target"
          },
          {
            "name": "syn",
            "package_key": "syn-2.0.117",
            "kind": "normal",
            "features": [
              "full",
              "parsing",
              "printing",
              "visit-mut",
              "clone-impls",
              "extra-traits",
              "proc-macro"
            ],
            "uses_default_features": false,
            "optional": false,
            "target": null,
            "tree": "target"
          }
        ],
        "build_dependencies": [],
        "features": []
      },
      "tracing-core-0.1.36": {
        "runtime_dependencies": [
          {
            "name": "once_cell",
            "package_key": "once_cell-1.21.3",
            "kind": "normal",
            "features": [],
            "uses_default_features": true,
            "optional": true,
            "target": null,
            "tree": "target"
          }
        ],
        "build_dependencies": [],
        "features": [
          "once_cell",
          "std"
        ]
      },
      "tsuuchi-0.1.0": {
        "runtime_dependencies": [
          {
            "name": "serde",
            "package_key": "serde-1.0.228",
            "kind": "normal",
            "features": [
              "derive"
            ],
            "uses_default_features": true,
            "optional": false,
            "target": null,
            "tree": "target"
          },
          {
            "name": "thiserror",
            "package_key": "thiserror-2.0.18",
            "kind": "normal",
            "features": [],
            "uses_default_features": true,
            "optional": false,
            "target": null,
            "tree": "target"
          },
          {
            "name": "tracing",
            "package_key": "tracing-0.1.44",
            "kind": "normal",
            "features": [],
            "uses_default_features": true,
            "optional": false,
            "target": null,
            "tree": "target"
          }
        ],
        "build_dependencies": [],
        "features": []
      },
      "unicode-ident-1.0.24": {
        "runtime_dependencies": [],
        "build_dependencies": [],
        "features": []
      },
      "zmij-1.0.21": {
        "runtime_dependencies": [],
        "build_dependencies": [],
        "features": []
      }
    },
    "targets": {
      "aarch64-apple-darwin": {
        "overrides": {}
      },
      "x86_64-apple-darwin": {
        "overrides": {}
      },
      "x86_64-unknown-linux-gnu": {
        "overrides": {}
      },
      "x86_64-unknown-linux-musl": {
        "overrides": {}
      },
      "aarch64-unknown-linux-gnu": {
        "overrides": {}
      },
      "aarch64-unknown-linux-musl": {
        "overrides": {}
      }
    }
  },
  "per_crate": {
    "itoa-1.0.17": {
      "edition": "2021"
    },
    "memchr-2.8.0": {
      "edition": "2021"
    },
    "once_cell-1.21.3": {
      "edition": "2021"
    },
    "pin-project-lite-0.2.17": {
      "edition": "2018"
    },
    "proc-macro2-1.0.106": {
      "edition": "2021",
      "build_script": "build.rs"
    },
    "quote-1.0.45": {
      "edition": "2021",
      "build_script": "build.rs"
    },
    "serde-1.0.228": {
      "edition": "2021",
      "build_script": "build.rs"
    },
    "serde_core-1.0.228": {
      "edition": "2021",
      "build_script": "build.rs"
    },
    "serde_derive-1.0.228": {
      "edition": "2021",
      "proc_macro": true
    },
    "serde_json-1.0.149": {
      "edition": "2021",
      "build_script": "build.rs"
    },
    "syn-2.0.117": {
      "edition": "2021"
    },
    "thiserror-2.0.18": {
      "edition": "2021",
      "build_script": "build.rs"
    },
    "thiserror-impl-2.0.18": {
      "edition": "2021",
      "proc_macro": true
    },
    "tracing-0.1.44": {
      "edition": "2018"
    },
    "tracing-attributes-0.1.31": {
      "edition": "2018",
      "proc_macro": true
    },
    "tracing-core-0.1.36": {
      "edition": "2018"
    },
    "tsuuchi-0.1.0": {
      "edition": "2024",
      "lib_target": {
        "name": "tsuuchi",
        "path": "src/lib.rs"
      }
    },
    "unicode-ident-1.0.24": {
      "edition": "2021"
    },
    "zmij-1.0.21": {
      "edition": "2021",
      "build_script": "build.rs"
    }
  },
  "git_nar_sha256": {},
  "flake_metadata": {}
}
